// !$*UTF8*$!
{
	archiveVersion = 1;
	classes = {
	};
	objectVersion = 56;
	objects = {

/* Begin PBXBuildFile section */
		04AD79A6293FC57100C24BFF /* AppDelegate.swift in Sources */ = {isa = PBXBuildFile; fileRef = 04AD79A5293FC57100C24BFF /* AppDelegate.swift */; };
		04AD79A8293FC57100C24BFF /* SceneDelegate.swift in Sources */ = {isa = PBXBuildFile; fileRef = 04AD79A7293FC57100C24BFF /* SceneDelegate.swift */; };
		04AD79AA293FC57100C24BFF /* ViewController.swift in Sources */ = {isa = PBXBuildFile; fileRef = 04AD79A9293FC57100C24BFF /* ViewController.swift */; };
		04AD79AF293FC57200C24BFF /* Assets.xcassets in Resources */ = {isa = PBXBuildFile; fileRef = 04AD79AE293FC57200C24BFF /* Assets.xcassets */; };
		04AD79B2293FC57200C24BFF /* LaunchScreen.storyboard in Resources */ = {isa = PBXBuildFile; fileRef = 04AD79B0293FC57200C24BFF /* LaunchScreen.storyboard */; };
		04AD79BA293FC68A00C24BFF /* StarWarsRespository.swift in Sources */ = {isa = PBXBuildFile; fileRef = 04AD79B9293FC68A00C24BFF /* StarWarsRespository.swift */; };
		04AD79BC293FC94600C24BFF /* StarWarsPresenter.swift in Sources */ = {isa = PBXBuildFile; fileRef = 04AD79BB293FC94600C24BFF /* StarWarsPresenter.swift */; };
		04AD79BE293FF27200C24BFF /* StarWarsModel.swift in Sources */ = {isa = PBXBuildFile; fileRef = 04AD79BD293FF27200C24BFF /* StarWarsModel.swift */; };
/* End PBXBuildFile section */

/* Begin PBXFileReference section */
		04AD79A2293FC57100C24BFF /* StarWarsCharacterFetcher.app */ = {isa = PBXFileReference; explicitFileType = wrapper.application; includeInIndex = 0; path = StarWarsCharacterFetcher.app; sourceTree = BUILT_PRODUCTS_DIR; };
		04AD79A5293FC57100C24BFF /* AppDelegate.swift */ = {isa = PBXFileReference; lastKnownFileType = sourcecode.swift; path = AppDelegate.swift; sourceTree = "<group>"; };
		04AD79A7293FC57100C24BFF /* SceneDelegate.swift */ = {isa = PBXFileReference; lastKnownFileType = sourcecode.swift; path = SceneDelegate.swift; sourceTree = "<group>"; };
		04AD79A9293FC57100C24BFF /* ViewController.swift */ = {isa = PBXFileReference; lastKnownFileType = sourcecode.swift; path = ViewController.swift; sourceTree = "<group>"; };
		04AD79AE293FC57200C24BFF /* Assets.xcassets */ = {isa = PBXFileReference; lastKnownFileType = folder.assetcatalog; path = Assets.xcassets; sourceTree = "<group>"; };
		04AD79B1293FC57200C24BFF /* Base */ = {isa = PBXFileReference; lastKnownFileType = file.storyboard; name = Base; path = Base.lproj/LaunchScreen.storyboard; sourceTree = "<group>"; };
		04AD79B3293FC57200C24BFF /* Info.plist */ = {isa = PBXFileReference; lastKnownFileType = text.plist.xml; path = Info.plist; sourceTree = "<group>"; };
		04AD79B9293FC68A00C24BFF /* StarWarsRespository.swift */ = {isa = PBXFileReference; lastKnownFileType = sourcecode.swift; path = StarWarsRespository.swift; sourceTree = "<group>"; };
		04AD79BB293FC94600C24BFF /* StarWarsPresenter.swift */ = {isa = PBXFileReference; lastKnownFileType = sourcecode.swift; path = StarWarsPresenter.swift; sourceTree = "<group>"; };
		04AD79BD293FF27200C24BFF /* StarWarsModel.swift */ = {isa = PBXFileReference; lastKnownFileType = sourcecode.swift; path = StarWarsModel.swift; sourceTree = "<group>"; };
/* End PBXFileReference section */

/* Begin PBXFrameworksBuildPhase section */
		04AD799F293FC57100C24BFF /* Frameworks */ = {
			isa = PBXFrameworksBuildPhase;
			buildActionMask = 2147483647;
			files = (
			);
			runOnlyForDeploymentPostprocessing = 0;
		};
/* End PBXFrameworksBuildPhase section */

/* Begin PBXGroup section */
		04AD7999293FC57100C24BFF = {
			isa = PBXGroup;
			children = (
				04AD79A4293FC57100C24BFF /* StarWarsCharacterFetcher */,
				04AD79A3293FC57100C24BFF /* Products */,
			);
			sourceTree = "<group>";
		};
		04AD79A3293FC57100C24BFF /* Products */ = {
			isa = PBXGroup;
			children = (
				04AD79A2293FC57100C24BFF /* StarWarsCharacterFetcher.app */,
			);
			name = Products;
			sourceTree = "<group>";
		};
		04AD79A4293FC57100C24BFF /* StarWarsCharacterFetcher */ = {
			isa = PBXGroup;
			children = (
				04AD79A5293FC57100C24BFF /* AppDelegate.swift */,
				04AD79A7293FC57100C24BFF /* SceneDelegate.swift */,
				04AD79A9293FC57100C24BFF /* ViewController.swift */,
				04AD79B9293FC68A00C24BFF /* StarWarsRespository.swift */,
				04AD79BB293FC94600C24BFF /* StarWarsPresenter.swift */,
				04AD79BD293FF27200C24BFF /* StarWarsModel.swift */,
				04AD79AE293FC57200C24BFF /* Assets.xcassets */,
				04AD79B0293FC57200C24BFF /* LaunchScreen.storyboard */,
				04AD79B3293FC57200C24BFF /* Info.plist */,
			);
			path = StarWarsCharacterFetcher;
			sourceTree = "<group>";
		};
/* End PBXGroup section */

/* Begin PBXNativeTarget section */
		04AD79A1293FC57100C24BFF /* StarWarsCharacterFetcher */ = {
			isa = PBXNativeTarget;
			buildConfigurationList = 04AD79B6293FC57200C24BFF /* Build configuration list for PBXNativeTarget "StarWarsCharacterFetcher" */;
			buildPhases = (
				04AD799E293FC57100C24BFF /* Sources */,
				04AD799F293FC57100C24BFF /* Frameworks */,
				04AD79A0293FC57100C24BFF /* Resources */,
			);
			buildRules = (
			);
			dependencies = (
			);
			name = StarWarsCharacterFetcher;
			productName = StarWarsCharacterFetcher;
			productReference = 04AD79A2293FC57100C24BFF /* StarWarsCharacterFetcher.app */;
			productType = "com.apple.product-type.application";
		};
/* End PBXNativeTarget section */

/* Begin PBXProject section */
		04AD799A293FC57100C24BFF /* Project object */ = {
			isa = PBXProject;
			attributes = {
				BuildIndependentTargetsInParallel = 1;
				LastSwiftUpdateCheck = 1410;
				LastUpgradeCheck = 1410;
				TargetAttributes = {
					04AD79A1293FC57100C24BFF = {
						CreatedOnToolsVersion = 14.1;
					};
				};
			};
			buildConfigurationList = 04AD799D293FC57100C24BFF /* Build configuration list for PBXProject "StarWarsCharacterFetcher" */;
			compatibilityVersion = "Xcode 14.0";
			developmentRegion = en;
			hasScannedForEncodings = 0;
			knownRegions = (
				en,
				Base,
			);
			mainGroup = 04AD7999293FC57100C24BFF;
			productRefGroup = 04AD79A3293FC57100C24BFF /* Products */;
			projectDirPath = "";
			projectRoot = "";
			targets = (
				04AD79A1293FC57100C24BFF /* StarWarsCharacterFetcher */,
			);
		};
/* End PBXProject section */

/* Begin PBXResourcesBuildPhase section */
		04AD79A0293FC57100C24BFF /* Resources */ = {
			isa = PBXResourcesBuildPhase;
			buildActionMask = 2147483647;
			files = (
				04AD79B2293FC57200C24BFF /* LaunchScreen.storyboard in Resources */,
				04AD79AF293FC57200C24BFF /* Assets.xcassets in Resources */,
			);
			runOnlyForDeploymentPostprocessing = 0;
		};
/* End PBXResourcesBuildPhase section */

/* Begin PBXSourcesBuildPhase section */
		04AD799E293FC57100C24BFF /* Sources */ = {
			isa = PBXSourcesBuildPhase;
			buildActionMask = 2147483647;
			files = (
				04AD79AA293FC57100C24BFF /* ViewController.swift in Sources */,
				04AD79A6293FC57100C24BFF /* AppDelegate.swift in Sources */,
				04AD79BA293FC68A00C24BFF /* StarWarsRespository.swift in Sources */,
				04AD79A8293FC57100C24BFF /* SceneDelegate.swift in Sources */,
				04AD79BE293FF27200C24BFF /* StarWarsModel.swift in Sources */,
				04AD79BC293FC94600C24BFF /* StarWarsPresenter.swift in Sources */,
			);
			runOnlyForDeploymentPostprocessing = 0;
		};
/* End PBXSourcesBuildPhase section */

/* Begin PBXVariantGroup section */
		04AD79B0293FC57200C24BFF /* LaunchScreen.storyboard */ = {
			isa = PBXVariantGroup;
			children = (
				04AD79B1293FC57200C24BFF /* Base */,
			);
			name = LaunchScreen.storyboard;
			sourceTree = "<group>";
		};
/* End PBXVariantGroup section */

/* Begin XCBuildConfiguration section */
		04AD79B4293FC57200C24BFF /* Debug */ = {
			isa = XCBuildConfiguration;
			buildSettings = {
				ALWAYS_SEARCH_USER_PATHS = NO;
				CLANG_ANALYZER_NONNULL = YES;
				CLANG_ANALYZER_NUMBER_OBJECT_CONVERSION = YES_AGGRESSIVE;
				CLANG_CXX_LANGUAGE_STANDARD = "gnu++20";
				CLANG_ENABLE_MODULES = YES;
				CLANG_ENABLE_OBJC_ARC = YES;
				CLANG_ENABLE_OBJC_WEAK = YES;
				CLANG_WARN_BLOCK_CAPTURE_AUTORELEASING = YES;
				CLANG_WARN_BOOL_CONVERSION = YES;
				CLANG_WARN_COMMA = YES;
				CLANG_WARN_CONSTANT_CONVERSION = YES;
				CLANG_WARN_DEPRECATED_OBJC_IMPLEMENTATIONS = YES;
				CLANG_WARN_DIRECT_OBJC_ISA_USAGE = YES_ERROR;
				CLANG_WARN_DOCUMENTATION_COMMENTS = YES;
				CLANG_WARN_EMPTY_BODY = YES;
				CLANG_WARN_ENUM_CONVERSION = YES;
				CLANG_WARN_INFINITE_RECURSION = YES;
				CLANG_WARN_INT_CONVERSION = YES;
				CLANG_WARN_NON_LITERAL_NULL_CONVERSION = YES;
				CLANG_WARN_OBJC_IMPLICIT_RETAIN_SELF = YES;
				CLANG_WARN_OBJC_LITERAL_CONVERSION = YES;
				CLANG_WARN_OBJC_ROOT_CLASS = YES_ERROR;
				CLANG_WARN_QUOTED_INCLUDE_IN_FRAMEWORK_HEADER = YES;
				CLANG_WARN_RANGE_LOOP_ANALYSIS = YES;
				CLANG_WARN_STRICT_PROTOTYPES = YES;
				CLANG_WARN_SUSPICIOUS_MOVE = YES;
				CLANG_WARN_UNGUARDED_AVAILABILITY = YES_AGGRESSIVE;
				CLANG_WARN_UNREACHABLE_CODE = YES;
				CLANG_WARN__DUPLICATE_METHOD_MATCH = YES;
				COPY_PHASE_STRIP = NO;
				DEBUG_INFORMATION_FORMAT = dwarf;
				ENABLE_STRICT_OBJC_MSGSEND = YES;
				ENABLE_TESTABILITY = YES;
				GCC_C_LANGUAGE_STANDARD = gnu11;
				GCC_DYNAMIC_NO_PIC = NO;
				GCC_NO_COMMON_BLOCKS = YES;
				GCC_OPTIMIZATION_LEVEL = 0;
				GCC_PREPROCESSOR_DEFINITIONS = (
					"DEBUG=1",
					"$(inherited)",
				);
				GCC_WARN_64_TO_32_BIT_CONVERSION = YES;
				GCC_WARN_ABOUT_RETURN_TYPE = YES_ERROR;
				GCC_WARN_UNDECLARED_SELECTOR = YES;
				GCC_WARN_UNINITIALIZED_AUTOS = YES_AGGRESSIVE;
				GCC_WARN_UNUSED_FUNCTION = YES;
				GCC_WARN_UNUSED_VARIABLE = YES;
				IPHONEOS_DEPLOYMENT_TARGET = 16.1;
				MTL_ENABLE_DEBUG_INFO = INCLUDE_SOURCE;
				MTL_FAST_MATH = YES;
				ONLY_ACTIVE_ARCH = YES;
				SDKROOT = iphoneos;
				SWIFT_ACTIVE_COMPILATION_CONDITIONS = DEBUG;
				SWIFT_OPTIMIZATION_LEVEL = "-Onone";
			};
			name = Debug;
		};
		04AD79B5293FC57200C24BFF /* Release */ = {
			isa = XCBuildConfiguration;
			buildSettings = {
				ALWAYS_SEARCH_USER_PATHS = NO;
				CLANG_ANALYZER_NONNULL = YES;
				CLANG_ANALYZER_NUMBER_OBJECT_CONVERSION = YES_AGGRESSIVE;
				CLANG_CXX_LANGUAGE_STANDARD = "gnu++20";
				CLANG_ENABLE_MODULES = YES;
				CLANG_ENABLE_OBJC_ARC = YES;
				CLANG_ENABLE_OBJC_WEAK = YES;
				CLANG_WARN_BLOCK_CAPTURE_AUTORELEASING = YES;
				CLANG_WARN_BOOL_CONVERSION = YES;
				CLANG_WARN_COMMA = YES;
				CLANG_WARN_CONSTANT_CONVERSION = YES;
				CLANG_WARN_DEPRECATED_OBJC_IMPLEMENTATIONS = YES;
				CLANG_WARN_DIRECT_OBJC_ISA_USAGE = YES_ERROR;
				CLANG_WARN_DOCUMENTATION_COMMENTS = YES;
				CLANG_WARN_EMPTY_BODY = YES;
				CLANG_WARN_ENUM_CONVERSION = YES;
				CLANG_WARN_INFINITE_RECURSION = YES;
				CLANG_WARN_INT_CONVERSION = YES;
				CLANG_WARN_NON_LITERAL_NULL_CONVERSION = YES;
				CLANG_WARN_OBJC_IMPLICIT_RETAIN_SELF = YES;
				CLANG_WARN_OBJC_LITERAL_CONVERSION = YES;
				CLANG_WARN_OBJC_ROOT_CLASS = YES_ERROR;
				CLANG_WARN_QUOTED_INCLUDE_IN_FRAMEWORK_HEADER = YES;
				CLANG_WARN_RANGE_LOOP_ANALYSIS = YES;
				CLANG_WARN_STRICT_PROTOTYPES = YES;
				CLANG_WARN_SUSPICIOUS_MOVE = YES;
				CLANG_WARN_UNGUARDED_AVAILABILITY = YES_AGGRESSIVE;
				CLANG_WARN_UNREACHABLE_CODE = YES;
				CLANG_WARN__DUPLICATE_METHOD_MATCH = YES;
				COPY_PHASE_STRIP = NO;
				DEBUG_INFORMATION_FORMAT = "dwarf-with-dsym";
				ENABLE_NS_ASSERTIONS = NO;
				ENABLE_STRICT_OBJC_MSGSEND = YES;
				GCC_C_LANGUAGE_STANDARD = gnu11;
				GCC_NO_COMMON_BLOCKS = YES;
				GCC_WARN_64_TO_32_BIT_CONVERSION = YES;
				GCC_WARN_ABOUT_RETURN_TYPE = YES_ERROR;
				GCC_WARN_UNDECLARED_SELECTOR = YES;
				GCC_WARN_UNINITIALIZED_AUTOS = YES_AGGRESSIVE;
				GCC_WARN_UNUSED_FUNCTION = YES;
				GCC_WARN_UNUSED_VARIABLE = YES;
				IPHONEOS_DEPLOYMENT_TARGET = 16.1;
				MTL_ENABLE_DEBUG_INFO = NO;
				MTL_FAST_MATH = YES;
				SDKROOT = iphoneos;
				SWIFT_COMPILATION_MODE = wholemodule;
				SWIFT_OPTIMIZATION_LEVEL = "-O";
				VALIDATE_PRODUCT = YES;
			};
			name = Release;
		};
		04AD79B7293FC57200C24BFF /* Debug */ = {
			isa = XCBuildConfiguration;
			buildSettings = {
				ASSETCATALOG_COMPILER_APPICON_NAME = AppIcon;
				ASSETCATALOG_COMPILER_GLOBAL_ACCENT_COLOR_NAME = AccentColor;
				CODE_SIGN_STYLE = Automatic;
				CURRENT_PROJECT_VERSION = 1;
				GENERATE_INFOPLIST_FILE = YES;
				INFOPLIST_FILE = StarWarsCharacterFetcher/Info.plist;
				INFOPLIST_KEY_UIApplicationSupportsIndirectInputEvents = YES;
				INFOPLIST_KEY_UILaunchStoryboardName = LaunchScreen;
				INFOPLIST_KEY_UISupportedInterfaceOrientations_iPad = "UIInterfaceOrientationPortrait UIInterfaceOrientationPortraitUpsideDown UIInterfaceOrientationLandscapeLeft UIInterfaceOrientationLandscapeRight";
				INFOPLIST_KEY_UISupportedInterfaceOrientations_iPhone = "UIInterfaceOrientationPortrait UIInterfaceOrientationLandscapeLeft UIInterfaceOrientationLandscapeRight";
				LD_RUNPATH_SEARCH_PATHS = (
					"$(inherited)",
					"@executable_path/Frameworks",
				);
				MARKETING_VERSION = 1.0;
				PRODUCT_BUNDLE_IDENTIFIER = rominkgo.StarWarsCharacterFetcher;
				PRODUCT_NAME = "$(TARGET_NAME)";
				SWIFT_EMIT_LOC_STRINGS = YES;
				SWIFT_VERSION = 5.0;
				TARGETED_DEVICE_FAMILY = "1,2";
			};
			name = Debug;
		};
		04AD79B8293FC57200C24BFF /* Release */ = {
			isa = XCBuildConfiguration;
			buildSettings = {
				ASSETCATALOG_COMPILER_APPICON_NAME = AppIcon;
				ASSETCATALOG_COMPILER_GLOBAL_ACCENT_COLOR_NAME = AccentColor;
				CODE_SIGN_STYLE = Automatic;
				CURRENT_PROJECT_VERSION = 1;
				GENERATE_INFOPLIST_FILE = YES;
				INFOPLIST_FILE = StarWarsCharacterFetcher/Info.plist;
				INFOPLIST_KEY_UIApplicationSupportsIndirectInputEvents = YES;
				INFOPLIST_KEY_UILaunchStoryboardName = LaunchScreen;
				INFOPLIST_KEY_UISupportedInterfaceOrientations_iPad = "UIInterfaceOrientationPortrait UIInterfaceOrientationPortraitUpsideDown UIInterfaceOrientationLandscapeLeft UIInterfaceOrientationLandscapeRight";
				INFOPLIST_KEY_UISupportedInterfaceOrientations_iPhone = "UIInterfaceOrientationPortrait UIInterfaceOrientationLandscapeLeft UIInterfaceOrientationLandscapeRight";
				LD_RUNPATH_SEARCH_PATHS = (
					"$(inherited)",
					"@executable_path/Frameworks",
				);
				MARKETING_VERSION = 1.0;
				PRODUCT_BUNDLE_IDENTIFIER = rominkgo.StarWarsCharacterFetcher;
				PRODUCT_NAME = "$(TARGET_NAME)";
				SWIFT_EMIT_LOC_STRINGS = YES;
				SWIFT_VERSION = 5.0;
				TARGETED_DEVICE_FAMILY = "1,2";
			};
			name = Release;
		};
/* End XCBuildConfiguration section */

/* Begin XCConfigurationList section */
		04AD799D293FC57100C24BFF /* Build configuration list for PBXProject "StarWarsCharacterFetcher" */ = {
			isa = XCConfigurationList;
			buildConfigurations = (
				04AD79B4293FC57200C24BFF /* Debug */,
				04AD79B5293FC57200C24BFF /* Release */,
			);
			defaultConfigurationIsVisible = 0;
			defaultConfigurationName = Release;
		};
		04AD79B6293FC57200C24BFF /* Build configuration list for PBXNativeTarget "StarWarsCharacterFetcher" */ = {
			isa = XCConfigurationList;
			buildConfigurations = (
				04AD79B7293FC57200C24BFF /* Debug */,
				04AD79B8293FC57200C24BFF /* Release */,
			);
			defaultConfigurationIsVisible = 0;
			defaultConfigurationName = Release;
		};
/* End XCConfigurationList section */
	};
	rootObject = 04AD799A293FC57100C24BFF /* Project object */;
}
